// !$*UTF8*$!
{
	archiveVersion = 1;
	classes = {
	};
	objectVersion = 56;
	objects = {

/* Begin PBXBuildFile section */
		04184CCB2A6092FB007A7A85 /* my_app_newApp.swift in Sources */ = {isa = PBXBuildFile; fileRef = 04184CCA2A6092FB007A7A85 /* my_app_newApp.swift */; };
		04184CCD2A6092FB007A7A85 /* ContentView.swift in Sources */ = {isa = PBXBuildFile; fileRef = 04184CCC2A6092FB007A7A85 /* ContentView.swift */; };
		04184CCF2A6092FD007A7A85 /* Assets.xcassets in Resources */ = {isa = PBXBuildFile; fileRef = 04184CCE2A6092FD007A7A85 /* Assets.xcassets */; };
		04184CD32A6092FD007A7A85 /* Preview Assets.xcassets in Resources */ = {isa = PBXBuildFile; fileRef = 04184CD22A6092FD007A7A85 /* Preview Assets.xcassets */; };
		04184CDA2A6093B2007A7A85 /* ApiService.swift in Sources */ = {isa = PBXBuildFile; fileRef = 04184CD92A6093B2007A7A85 /* ApiService.swift */; };
		04184CDE2A60940A007A7A85 /* ViewRouter.swift in Sources */ = {isa = PBXBuildFile; fileRef = 04184CDD2A60940A007A7A85 /* ViewRouter.swift */; };
		042454E92A6D740B006BEE57 /* PageOne.swift in Sources */ = {isa = PBXBuildFile; fileRef = 042454E82A6D740B006BEE57 /* PageOne.swift */; };
		042454EB2A6EC18A006BEE57 /* test.swift in Sources */ = {isa = PBXBuildFile; fileRef = 042454EA2A6EC18A006BEE57 /* test.swift */; };
		04491DA62AA7205F00437F7C /* FrontPage.swift in Sources */ = {isa = PBXBuildFile; fileRef = 04491DA52AA7205F00437F7C /* FrontPage.swift */; };
		04491DA82AA7246E00437F7C /* PageTwo.swift in Sources */ = {isa = PBXBuildFile; fileRef = 04491DA72AA7246E00437F7C /* PageTwo.swift */; };
		04491DAA2AA724B900437F7C /* PageThree.swift in Sources */ = {isa = PBXBuildFile; fileRef = 04491DA92AA724B900437F7C /* PageThree.swift */; };
		04AA4A6C2A7DA06300341375 /* OutputFile.swift in Sources */ = {isa = PBXBuildFile; fileRef = 04AA4A6B2A7DA06300341375 /* OutputFile.swift */; };
		04C08C292A83F5AE0073B191 /* Animation .swift in Sources */ = {isa = PBXBuildFile; fileRef = 04C08C282A83F5AE0073B191 /* Animation .swift */; };
		04FBF9DE2A79563F00D3D498 /* PythonKit in Frameworks */ = {isa = PBXBuildFile; productRef = 04FBF9DD2A79563F00D3D498 /* PythonKit */; };
/* End PBXBuildFile section */

/* Begin PBXFileReference section */
		04184CC72A6092FB007A7A85 /* my_app_new.app */ = {isa = PBXFileReference; explicitFileType = wrapper.application; includeInIndex = 0; path = my_app_new.app; sourceTree = BUILT_PRODUCTS_DIR; };
		04184CCA2A6092FB007A7A85 /* my_app_newApp.swift */ = {isa = PBXFileReference; lastKnownFileType = sourcecode.swift; path = my_app_newApp.swift; sourceTree = "<group>"; };
		04184CCC2A6092FB007A7A85 /* ContentView.swift */ = {isa = PBXFileReference; lastKnownFileType = sourcecode.swift; path = ContentView.swift; sourceTree = "<group>"; };
		04184CCE2A6092FD007A7A85 /* Assets.xcassets */ = {isa = PBXFileReference; lastKnownFileType = folder.assetcatalog; path = Assets.xcassets; sourceTree = "<group>"; };
		04184CD02A6092FD007A7A85 /* my_app_new.entitlements */ = {isa = PBXFileReference; lastKnownFileType = text.plist.entitlements; path = my_app_new.entitlements; sourceTree = "<group>"; };
		04184CD22A6092FD007A7A85 /* Preview Assets.xcassets */ = {isa = PBXFileReference; lastKnownFileType = folder.assetcatalog; path = "Preview Assets.xcassets"; sourceTree = "<group>"; };
		04184CD92A6093B2007A7A85 /* ApiService.swift */ = {isa = PBXFileReference; lastKnownFileType = sourcecode.swift; path = ApiService.swift; sourceTree = "<group>"; };
		04184CDD2A60940A007A7A85 /* ViewRouter.swift */ = {isa = PBXFileReference; lastKnownFileType = sourcecode.swift; path = ViewRouter.swift; sourceTree = "<group>"; };
		042454E82A6D740B006BEE57 /* PageOne.swift */ = {isa = PBXFileReference; lastKnownFileType = sourcecode.swift; path = PageOne.swift; sourceTree = "<group>"; };
		042454EA2A6EC18A006BEE57 /* test.swift */ = {isa = PBXFileReference; lastKnownFileType = sourcecode.swift; path = test.swift; sourceTree = "<group>"; };
		04491DA52AA7205F00437F7C /* FrontPage.swift */ = {isa = PBXFileReference; lastKnownFileType = sourcecode.swift; path = FrontPage.swift; sourceTree = "<group>"; };
		04491DA72AA7246E00437F7C /* PageTwo.swift */ = {isa = PBXFileReference; lastKnownFileType = sourcecode.swift; name = PageTwo.swift; path = "../../../Creative Cloud Files/PageTwo.swift"; sourceTree = "<group>"; };
		04491DA92AA724B900437F7C /* PageThree.swift */ = {isa = PBXFileReference; lastKnownFileType = sourcecode.swift; path = PageThree.swift; sourceTree = "<group>"; };
		04AA4A6B2A7DA06300341375 /* OutputFile.swift */ = {isa = PBXFileReference; lastKnownFileType = sourcecode.swift; path = OutputFile.swift; sourceTree = "<group>"; };
		04C08C282A83F5AE0073B191 /* Animation .swift */ = {isa = PBXFileReference; lastKnownFileType = sourcecode.swift; path = "Animation .swift"; sourceTree = "<group>"; };
/* End PBXFileReference section */

/* Begin PBXFrameworksBuildPhase section */
		04184CC42A6092FB007A7A85 /* Frameworks */ = {
			isa = PBXFrameworksBuildPhase;
			buildActionMask = 2147483647;
			files = (
				04FBF9DE2A79563F00D3D498 /* PythonKit in Frameworks */,
			);
			runOnlyForDeploymentPostprocessing = 0;
		};
/* End PBXFrameworksBuildPhase section */

/* Begin PBXGroup section */
		04184CBE2A6092FB007A7A85 = {
			isa = PBXGroup;
			children = (
				04184CC92A6092FB007A7A85 /* my_app_new */,
				04184CC82A6092FB007A7A85 /* Products */,
			);
			sourceTree = "<group>";
		};
		04184CC82A6092FB007A7A85 /* Products */ = {
			isa = PBXGroup;
			children = (
				04184CC72A6092FB007A7A85 /* my_app_new.app */,
			);
			name = Products;
			sourceTree = "<group>";
		};
		04184CC92A6092FB007A7A85 /* my_app_new */ = {
			isa = PBXGroup;
			children = (
				04184CCA2A6092FB007A7A85 /* my_app_newApp.swift */,
				04184CDD2A60940A007A7A85 /* ViewRouter.swift */,
				04491DA72AA7246E00437F7C /* PageTwo.swift */,
				04491DA92AA724B900437F7C /* PageThree.swift */,
				04C08C282A83F5AE0073B191 /* Animation .swift */,
				04184CD92A6093B2007A7A85 /* ApiService.swift */,
				04491DA52AA7205F00437F7C /* FrontPage.swift */,
				04184CCC2A6092FB007A7A85 /* ContentView.swift */,
				042454E82A6D740B006BEE57 /* PageOne.swift */,
				04AA4A6B2A7DA06300341375 /* OutputFile.swift */,
				042454EA2A6EC18A006BEE57 /* test.swift */,
				04184CCE2A6092FD007A7A85 /* Assets.xcassets */,
				04184CD02A6092FD007A7A85 /* my_app_new.entitlements */,
				04184CD12A6092FD007A7A85 /* Preview Content */,
			);
			path = my_app_new;
			sourceTree = "<group>";
		};
		04184CD12A6092FD007A7A85 /* Preview Content */ = {
			isa = PBXGroup;
			children = (
				04184CD22A6092FD007A7A85 /* Preview Assets.xcassets */,
			);
			path = "Preview Content";
			sourceTree = "<group>";
		};
/* End PBXGroup section */

/* Begin PBXNativeTarget section */
		04184CC62A6092FB007A7A85 /* my_app_new */ = {
			isa = PBXNativeTarget;
			buildConfigurationList = 04184CD62A6092FD007A7A85 /* Build configuration list for PBXNativeTarget "my_app_new" */;
			buildPhases = (
				04184CC32A6092FB007A7A85 /* Sources */,
				04184CC42A6092FB007A7A85 /* Frameworks */,
				04184CC52A6092FB007A7A85 /* Resources */,
			);
			buildRules = (
			);
			dependencies = (
			);
			name = my_app_new;
			packageProductDependencies = (
				04FBF9DD2A79563F00D3D498 /* PythonKit */,
			);
			productName = my_app_new;
			productReference = 04184CC72A6092FB007A7A85 /* my_app_new.app */;
			productType = "com.apple.product-type.application";
		};
/* End PBXNativeTarget section */

/* Begin PBXProject section */
		04184CBF2A6092FB007A7A85 /* Project object */ = {
			isa = PBXProject;
			attributes = {
				BuildIndependentTargetsInParallel = 1;
				LastSwiftUpdateCheck = 1430;
				LastUpgradeCheck = 1430;
				TargetAttributes = {
					04184CC62A6092FB007A7A85 = {
						CreatedOnToolsVersion = 14.3.1;
					};
				};
			};
			buildConfigurationList = 04184CC22A6092FB007A7A85 /* Build configuration list for PBXProject "my_app_new" */;
			compatibilityVersion = "Xcode 14.0";
			developmentRegion = en;
			hasScannedForEncodings = 0;
			knownRegions = (
				en,
				Base,
			);
			mainGroup = 04184CBE2A6092FB007A7A85;
			packageReferences = (
				04FBF9DC2A79563F00D3D498 /* XCRemoteSwiftPackageReference "PythonKit" */,
			);
			productRefGroup = 04184CC82A6092FB007A7A85 /* Products */;
			projectDirPath = "";
			projectRoot = "";
			targets = (
				04184CC62A6092FB007A7A85 /* my_app_new */,
			);
		};
/* End PBXProject section */

/* Begin PBXResourcesBuildPhase section */
		04184CC52A6092FB007A7A85 /* Resources */ = {
			isa = PBXResourcesBuildPhase;
			buildActionMask = 2147483647;
			files = (
				04184CD32A6092FD007A7A85 /* Preview Assets.xcassets in Resources */,
				04184CCF2A6092FD007A7A85 /* Assets.xcassets in Resources */,
			);
			runOnlyForDeploymentPostprocessing = 0;
		};
/* End PBXResourcesBuildPhase section */

/* Begin PBXSourcesBuildPhase section */
		04184CC32A6092FB007A7A85 /* Sources */ = {
			isa = PBXSourcesBuildPhase;
			buildActionMask = 2147483647;
			files = (
				04491DA62AA7205F00437F7C /* FrontPage.swift in Sources */,
				04184CDE2A60940A007A7A85 /* ViewRouter.swift in Sources */,
				04184CCD2A6092FB007A7A85 /* ContentView.swift in Sources */,
				04AA4A6C2A7DA06300341375 /* OutputFile.swift in Sources */,
				04184CCB2A6092FB007A7A85 /* my_app_newApp.swift in Sources */,
				042454E92A6D740B006BEE57 /* PageOne.swift in Sources */,
				04491DAA2AA724B900437F7C /* PageThree.swift in Sources */,
				04184CDA2A6093B2007A7A85 /* ApiService.swift in Sources */,
				04491DA82AA7246E00437F7C /* PageTwo.swift in Sources */,
				04C08C292A83F5AE0073B191 /* Animation .swift in Sources */,
				042454EB2A6EC18A006BEE57 /* test.swift in Sources */,
			);
			runOnlyForDeploymentPostprocessing = 0;
		};
/* End PBXSourcesBuildPhase section */

/* Begin XCBuildConfiguration section */
		04184CD42A6092FD007A7A85 /* Debug */ = {
			isa = XCBuildConfiguration;
			buildSettings = {
				ALWAYS_SEARCH_USER_PATHS = NO;
				CLANG_ANALYZER_NONNULL = YES;
				CLANG_ANALYZER_NUMBER_OBJECT_CONVERSION = YES_AGGRESSIVE;
				CLANG_CXX_LANGUAGE_STANDARD = "gnu++20";
				CLANG_ENABLE_MODULES = YES;
				CLANG_ENABLE_OBJC_ARC = YES;
				CLANG_ENABLE_OBJC_WEAK = YES;
				CLANG_WARN_BLOCK_CAPTURE_AUTORELEASING = YES;
				CLANG_WARN_BOOL_CONVERSION = YES;
				CLANG_WARN_COMMA = YES;
				CLANG_WARN_CONSTANT_CONVERSION = YES;
				CLANG_WARN_DEPRECATED_OBJC_IMPLEMENTATIONS = YES;
				CLANG_WARN_DIRECT_OBJC_ISA_USAGE = YES_ERROR;
				CLANG_WARN_DOCUMENTATION_COMMENTS = YES;
				CLANG_WARN_EMPTY_BODY = YES;
				CLANG_WARN_ENUM_CONVERSION = YES;
				CLANG_WARN_INFINITE_RECURSION = YES;
				CLANG_WARN_INT_CONVERSION = YES;
				CLANG_WARN_NON_LITERAL_NULL_CONVERSION = YES;
				CLANG_WARN_OBJC_IMPLICIT_RETAIN_SELF = YES;
				CLANG_WARN_OBJC_LITERAL_CONVERSION = YES;
				CLANG_WARN_OBJC_ROOT_CLASS = YES_ERROR;
				CLANG_WARN_QUOTED_INCLUDE_IN_FRAMEWORK_HEADER = YES;
				CLANG_WARN_RANGE_LOOP_ANALYSIS = YES;
				CLANG_WARN_STRICT_PROTOTYPES = YES;
				CLANG_WARN_SUSPICIOUS_MOVE = YES;
				CLANG_WARN_UNGUARDED_AVAILABILITY = YES_AGGRESSIVE;
				CLANG_WARN_UNREACHABLE_CODE = YES;
				CLANG_WARN__DUPLICATE_METHOD_MATCH = YES;
				COPY_PHASE_STRIP = NO;
				DEBUG_INFORMATION_FORMAT = dwarf;
				ENABLE_STRICT_OBJC_MSGSEND = YES;
				ENABLE_TESTABILITY = YES;
				GCC_C_LANGUAGE_STANDARD = gnu11;
				GCC_DYNAMIC_NO_PIC = NO;
				GCC_NO_COMMON_BLOCKS = YES;
				GCC_OPTIMIZATION_LEVEL = 0;
				GCC_PREPROCESSOR_DEFINITIONS = (
					"DEBUG=1",
					"$(inherited)",
				);
				GCC_WARN_64_TO_32_BIT_CONVERSION = YES;
				GCC_WARN_ABOUT_RETURN_TYPE = YES_ERROR;
				GCC_WARN_UNDECLARED_SELECTOR = YES;
				GCC_WARN_UNINITIALIZED_AUTOS = YES_AGGRESSIVE;
				GCC_WARN_UNUSED_FUNCTION = YES;
				GCC_WARN_UNUSED_VARIABLE = YES;
				MTL_ENABLE_DEBUG_INFO = INCLUDE_SOURCE;
				MTL_FAST_MATH = YES;
				ONLY_ACTIVE_ARCH = YES;
				SWIFT_ACTIVE_COMPILATION_CONDITIONS = DEBUG;
				SWIFT_OPTIMIZATION_LEVEL = "-Onone";
			};
			name = Debug;
		};
		04184CD52A6092FD007A7A85 /* Release */ = {
			isa = XCBuildConfiguration;
			buildSettings = {
				ALWAYS_SEARCH_USER_PATHS = NO;
				CLANG_ANALYZER_NONNULL = YES;
				CLANG_ANALYZER_NUMBER_OBJECT_CONVERSION = YES_AGGRESSIVE;
				CLANG_CXX_LANGUAGE_STANDARD = "gnu++20";
				CLANG_ENABLE_MODULES = YES;
				CLANG_ENABLE_OBJC_ARC = YES;
				CLANG_ENABLE_OBJC_WEAK = YES;
				CLANG_WARN_BLOCK_CAPTURE_AUTORELEASING = YES;
				CLANG_WARN_BOOL_CONVERSION = YES;
				CLANG_WARN_COMMA = YES;
				CLANG_WARN_CONSTANT_CONVERSION = YES;
				CLANG_WARN_DEPRECATED_OBJC_IMPLEMENTATIONS = YES;
				CLANG_WARN_DIRECT_OBJC_ISA_USAGE = YES_ERROR;
				CLANG_WARN_DOCUMENTATION_COMMENTS = YES;
				CLANG_WARN_EMPTY_BODY = YES;
				CLANG_WARN_ENUM_CONVERSION = YES;
				CLANG_WARN_INFINITE_RECURSION = YES;
				CLANG_WARN_INT_CONVERSION = YES;
				CLANG_WARN_NON_LITERAL_NULL_CONVERSION = YES;
				CLANG_WARN_OBJC_IMPLICIT_RETAIN_SELF = YES;
				CLANG_WARN_OBJC_LITERAL_CONVERSION = YES;
				CLANG_WARN_OBJC_ROOT_CLASS = YES_ERROR;
				CLANG_WARN_QUOTED_INCLUDE_IN_FRAMEWORK_HEADER = YES;
				CLANG_WARN_RANGE_LOOP_ANALYSIS = YES;
				CLANG_WARN_STRICT_PROTOTYPES = YES;
				CLANG_WARN_SUSPICIOUS_MOVE = YES;
				CLANG_WARN_UNGUARDED_AVAILABILITY = YES_AGGRESSIVE;
				CLANG_WARN_UNREACHABLE_CODE = YES;
				CLANG_WARN__DUPLICATE_METHOD_MATCH = YES;
				COPY_PHASE_STRIP = NO;
				DEBUG_INFORMATION_FORMAT = "dwarf-with-dsym";
				ENABLE_NS_ASSERTIONS = NO;
				ENABLE_STRICT_OBJC_MSGSEND = YES;
				GCC_C_LANGUAGE_STANDARD = gnu11;
				GCC_NO_COMMON_BLOCKS = YES;
				GCC_WARN_64_TO_32_BIT_CONVERSION = YES;
				GCC_WARN_ABOUT_RETURN_TYPE = YES_ERROR;
				GCC_WARN_UNDECLARED_SELECTOR = YES;
				GCC_WARN_UNINITIALIZED_AUTOS = YES_AGGRESSIVE;
				GCC_WARN_UNUSED_FUNCTION = YES;
				GCC_WARN_UNUSED_VARIABLE = YES;
				MTL_ENABLE_DEBUG_INFO = NO;
				MTL_FAST_MATH = YES;
				SWIFT_COMPILATION_MODE = wholemodule;
				SWIFT_OPTIMIZATION_LEVEL = "-O";
			};
			name = Release;
		};
		04184CD72A6092FD007A7A85 /* Debug */ = {
			isa = XCBuildConfiguration;
			buildSettings = {
				ASSETCATALOG_COMPILER_APPICON_NAME = AppIcon;
				ASSETCATALOG_COMPILER_GLOBAL_ACCENT_COLOR_NAME = AccentColor;
				CODE_SIGN_ENTITLEMENTS = my_app_new/my_app_new.entitlements;
				CODE_SIGN_STYLE = Automatic;
				CURRENT_PROJECT_VERSION = 1;
				DEVELOPMENT_ASSET_PATHS = "\"my_app_new/Preview Content\"";
				DEVELOPMENT_TEAM = UB72WWP97Y;
				ENABLE_HARDENED_RUNTIME = YES;
				ENABLE_PREVIEWS = YES;
				GENERATE_INFOPLIST_FILE = YES;
				"INFOPLIST_KEY_UIApplicationSceneManifest_Generation[sdk=iphoneos*]" = YES;
				"INFOPLIST_KEY_UIApplicationSceneManifest_Generation[sdk=iphonesimulator*]" = YES;
				"INFOPLIST_KEY_UIApplicationSupportsIndirectInputEvents[sdk=iphoneos*]" = YES;
				"INFOPLIST_KEY_UIApplicationSupportsIndirectInputEvents[sdk=iphonesimulator*]" = YES;
				"INFOPLIST_KEY_UILaunchScreen_Generation[sdk=iphoneos*]" = YES;
				"INFOPLIST_KEY_UILaunchScreen_Generation[sdk=iphonesimulator*]" = YES;
				"INFOPLIST_KEY_UIStatusBarStyle[sdk=iphoneos*]" = UIStatusBarStyleDefault;
				"INFOPLIST_KEY_UIStatusBarStyle[sdk=iphonesimulator*]" = UIStatusBarStyleDefault;
				INFOPLIST_KEY_UISupportedInterfaceOrientations_iPad = "UIInterfaceOrientationPortrait UIInterfaceOrientationPortraitUpsideDown UIInterfaceOrientationLandscapeLeft UIInterfaceOrientationLandscapeRight";
				INFOPLIST_KEY_UISupportedInterfaceOrientations_iPhone = "UIInterfaceOrientationPortrait UIInterfaceOrientationLandscapeLeft UIInterfaceOrientationLandscapeRight";
				IPHONEOS_DEPLOYMENT_TARGET = 16.0;
				LD_RUNPATH_SEARCH_PATHS = "@executable_path/Frameworks";
				"LD_RUNPATH_SEARCH_PATHS[sdk=macosx*]" = "@executable_path/../Frameworks";
				MACOSX_DEPLOYMENT_TARGET = 13.1;
				MARKETING_VERSION = 1.0;
				PRODUCT_BUNDLE_IDENTIFIER = "com.example.apple-samplecode.my-app-new";
				PRODUCT_NAME = "$(TARGET_NAME)";
				SDKROOT = auto;
				SUPPORTED_PLATFORMS = "iphoneos iphonesimulator macosx";
				SWIFT_EMIT_LOC_STRINGS = YES;
				SWIFT_VERSION = 5.0;
				TARGETED_DEVICE_FAMILY = "1,2";
			};
			name = Debug;
		};
		04184CD82A6092FD007A7A85 /* Release */ = {
			isa = XCBuildConfiguration;
			buildSettings = {
				ASSETCATALOG_COMPILER_APPICON_NAME = AppIcon;
				ASSETCATALOG_COMPILER_GLOBAL_ACCENT_COLOR_NAME = AccentColor;
				CODE_SIGN_ENTITLEMENTS = my_app_new/my_app_new.entitlements;
				CODE_SIGN_STYLE = Automatic;
				CURRENT_PROJECT_VERSION = 1;
				DEVELOPMENT_ASSET_PATHS = "\"my_app_new/Preview Content\"";
				DEVELOPMENT_TEAM = UB72WWP97Y;
				ENABLE_HARDENED_RUNTIME = YES;
				ENABLE_PREVIEWS = YES;
				GENERATE_INFOPLIST_FILE = YES;
				"INFOPLIST_KEY_UIApplicationSceneManifest_Generation[sdk=iphoneos*]" = YES;
				"INFOPLIST_KEY_UIApplicationSceneManifest_Generation[sdk=iphonesimulator*]" = YES;
				"INFOPLIST_KEY_UIApplicationSupportsIndirectInputEvents[sdk=iphoneos*]" = YES;
				"INFOPLIST_KEY_UIApplicationSupportsIndirectInputEvents[sdk=iphonesimulator*]" = YES;
				"INFOPLIST_KEY_UILaunchScreen_Generation[sdk=iphoneos*]" = YES;
				"INFOPLIST_KEY_UILaunchScreen_Generation[sdk=iphonesimulator*]" = YES;
				"INFOPLIST_KEY_UIStatusBarStyle[sdk=iphoneos*]" = UIStatusBarStyleDefault;
				"INFOPLIST_KEY_UIStatusBarStyle[sdk=iphonesimulator*]" = UIStatusBarStyleDefault;
				INFOPLIST_KEY_UISupportedInterfaceOrientations_iPad = "UIInterfaceOrientationPortrait UIInterfaceOrientationPortraitUpsideDown UIInterfaceOrientationLandscapeLeft UIInterfaceOrientationLandscapeRight";
				INFOPLIST_KEY_UISupportedInterfaceOrientations_iPhone = "UIInterfaceOrientationPortrait UIInterfaceOrientationLandscapeLeft UIInterfaceOrientationLandscapeRight";
				IPHONEOS_DEPLOYMENT_TARGET = 16.0;
				LD_RUNPATH_SEARCH_PATHS = "@executable_path/Frameworks";
				"LD_RUNPATH_SEARCH_PATHS[sdk=macosx*]" = "@executable_path/../Frameworks";
				MACOSX_DEPLOYMENT_TARGET = 13.1;
				MARKETING_VERSION = 1.0;
				PRODUCT_BUNDLE_IDENTIFIER = "com.example.apple-samplecode.my-app-new";
				PRODUCT_NAME = "$(TARGET_NAME)";
				SDKROOT = auto;
				SUPPORTED_PLATFORMS = "iphoneos iphonesimulator macosx";
				SWIFT_EMIT_LOC_STRINGS = YES;
				SWIFT_VERSION = 5.0;
				TARGETED_DEVICE_FAMILY = "1,2";
			};
			name = Release;
		};
/* End XCBuildConfiguration section */

/* Begin XCConfigurationList section */
		04184CC22A6092FB007A7A85 /* Build configuration list for PBXProject "my_app_new" */ = {
			isa = XCConfigurationList;
			buildConfigurations = (
				04184CD42A6092FD007A7A85 /* Debug */,
				04184CD52A6092FD007A7A85 /* Release */,
			);
			defaultConfigurationIsVisible = 0;
			defaultConfigurationName = Release;
		};
		04184CD62A6092FD007A7A85 /* Build configuration list for PBXNativeTarget "my_app_new" */ = {
			isa = XCConfigurationList;
			buildConfigurations = (
				04184CD72A6092FD007A7A85 /* Debug */,
				04184CD82A6092FD007A7A85 /* Release */,
			);
			defaultConfigurationIsVisible = 0;
			defaultConfigurationName = Release;
		};
/* End XCConfigurationList section */

/* Begin XCRemoteSwiftPackageReference section */
		04FBF9DC2A79563F00D3D498 /* XCRemoteSwiftPackageReference "PythonKit" */ = {
			isa = XCRemoteSwiftPackageReference;
			repositoryURL = "https://github.com/pvieito/PythonKit.git";
			requirement = {
				branch = master;
				kind = branch;
			};
		};
/* End XCRemoteSwiftPackageReference section */

/* Begin XCSwiftPackageProductDependency section */
		04FBF9DD2A79563F00D3D498 /* PythonKit */ = {
			isa = XCSwiftPackageProductDependency;
			package = 04FBF9DC2A79563F00D3D498 /* XCRemoteSwiftPackageReference "PythonKit" */;
			productName = PythonKit;
		};
/* End XCSwiftPackageProductDependency section */
	};
	rootObject = 04184CBF2A6092FB007A7A85 /* Project object */;
}
